
Microsoft Visual Studio Solution File, Format Version 12.00
# Visual Studio Version 17
VisualStudioVersion = 17.6.33712.159
MinimumVisualStudioVersion = 10.0.40219.1
Project("{FAE04EC0-301F-11D3-BF4B-00C04F79EFBC}") = "Domain", "Domain\Domain.csproj", "{F803677D-F068-4A78-8F00-3211453A9DB4}"
EndProject
Global
	GlobalSection(SolutionConfigurationPlatforms) = preSolution
		Debug|Any CPU = Debug|Any CPU
		Release|Any CPU = Release|Any CPU
	EndGlobalSection
	GlobalSection(ProjectConfigurationPlatforms) = postSolution
		{F803677D-F068-4A78-8F00-3211453A9DB4}.Debug|Any CPU.ActiveCfg = Debug|Any CPU
		{F803677D-F068-4A78-8F00-3211453A9DB4}.Debug|Any CPU.Build.0 = Debug|Any CPU
		{F803677D-F068-4A78-8F00-3211453A9DB4}.Release|Any CPU.ActiveCfg = Release|Any CPU
		{F803677D-F068-4A78-8F00-3211453A9DB4}.Release|Any CPU.Build.0 = Release|Any CPU
	EndGlobalSection
	GlobalSection(SolutionProperties) = preSolution
		HideSolutionNode = FALSE
	EndGlobalSection
	GlobalSection(ExtensibilityGlobals) = postSolution
		SolutionGuid = {A8D269E1-A182-43A9-8760-AB5D43D8A130}
	EndGlobalSection
EndGlobal
